
Microsoft Visual Studio Solution File, Format Version 12.00
# Visual Studio Version 16
VisualStudioVersion = 16.0.30011.22
MinimumVisualStudioVersion = 10.0.40219.1
Project("{9A19103F-16F7-4668-BE54-9A1E7A4F7556}") = "TaxationQuerySystemAPI", "TaxationQuerySystemAPI\TaxationQuerySystemAPI.csproj", "{8944125A-8C22-4984-B6DD-6C431F7C9BF6}"
EndProject
Project("{9A19103F-16F7-4668-BE54-9A1E7A4F7556}") = "TaxationQuerySystem.HttpClient", "TaxationQuerySystem.HttpClient\TaxationQuerySystem.HttpClient.csproj", "{C4AD535A-1E0C-426D-972F-1F8C2DECBD9C}"
EndProject
Project("{9A19103F-16F7-4668-BE54-9A1E7A4F7556}") = "TaskManagementSystem", "TaskManagementSystem\TaskManagementSystem.csproj", "{6233E239-4079-4EEF-A108-B4EF558FF8E9}"
EndProject
Global
	GlobalSection(SolutionConfigurationPlatforms) = preSolution
		Debug|Any CPU = Debug|Any CPU
		Release|Any CPU = Release|Any CPU
	EndGlobalSection
	GlobalSection(ProjectConfigurationPlatforms) = postSolution
		{8944125A-8C22-4984-B6DD-6C431F7C9BF6}.Debug|Any CPU.ActiveCfg = Debug|Any CPU
		{8944125A-8C22-4984-B6DD-6C431F7C9BF6}.Debug|Any CPU.Build.0 = Debug|Any CPU
		{8944125A-8C22-4984-B6DD-6C431F7C9BF6}.Release|Any CPU.ActiveCfg = Release|Any CPU
		{8944125A-8C22-4984-B6DD-6C431F7C9BF6}.Release|Any CPU.Build.0 = Release|Any CPU
		{C4AD535A-1E0C-426D-972F-1F8C2DECBD9C}.Debug|Any CPU.ActiveCfg = Debug|Any CPU
		{C4AD535A-1E0C-426D-972F-1F8C2DECBD9C}.Debug|Any CPU.Build.0 = Debug|Any CPU
		{C4AD535A-1E0C-426D-972F-1F8C2DECBD9C}.Release|Any CPU.ActiveCfg = Release|Any CPU
		{C4AD535A-1E0C-426D-972F-1F8C2DECBD9C}.Release|Any CPU.Build.0 = Release|Any CPU
		{6233E239-4079-4EEF-A108-B4EF558FF8E9}.Debug|Any CPU.ActiveCfg = Debug|Any CPU
		{6233E239-4079-4EEF-A108-B4EF558FF8E9}.Debug|Any CPU.Build.0 = Debug|Any CPU
		{6233E239-4079-4EEF-A108-B4EF558FF8E9}.Release|Any CPU.ActiveCfg = Release|Any CPU
		{6233E239-4079-4EEF-A108-B4EF558FF8E9}.Release|Any CPU.Build.0 = Release|Any CPU
	EndGlobalSection
	GlobalSection(SolutionProperties) = preSolution
		HideSolutionNode = FALSE
	EndGlobalSection
	GlobalSection(ExtensibilityGlobals) = postSolution
		SolutionGuid = {E7E86A6D-523C-4B38-8750-9BF4034B879F}
	EndGlobalSection
EndGlobal
